
Microsoft Visual Studio Solution File, Format Version 12.00
# Visual Studio Version 17
VisualStudioVersion = 17.9.34728.123
MinimumVisualStudioVersion = 10.0.40219.1
Project("{9A19103F-16F7-4668-BE54-9A1E7A4F7556}") = "AuthAspRazorPages", "AuthAspRazorPages\AuthAspRazorPages.csproj", "{7622318E-F05C-4EDA-8152-9D37F342AF19}"
EndProject
Global
	GlobalSection(SolutionConfigurationPlatforms) = preSolution
		Debug|Any CPU = Debug|Any CPU
		Release|Any CPU = Release|Any CPU
	EndGlobalSection
	GlobalSection(ProjectConfigurationPlatforms) = postSolution
		{7622318E-F05C-4EDA-8152-9D37F342AF19}.Debug|Any CPU.ActiveCfg = Debug|Any CPU
		{7622318E-F05C-4EDA-8152-9D37F342AF19}.Debug|Any CPU.Build.0 = Debug|Any CPU
		{7622318E-F05C-4EDA-8152-9D37F342AF19}.Release|Any CPU.ActiveCfg = Release|Any CPU
		{7622318E-F05C-4EDA-8152-9D37F342AF19}.Release|Any CPU.Build.0 = Release|Any CPU
	EndGlobalSection
	GlobalSection(SolutionProperties) = preSolution
		HideSolutionNode = FALSE
	EndGlobalSection
	GlobalSection(ExtensibilityGlobals) = postSolution
		SolutionGuid = {34275E52-114D-4B84-8663-A07182E40A6E}
	EndGlobalSection
EndGlobal
